
Microsoft Visual Studio Solution File, Format Version 12.00
# Visual Studio Version 17
VisualStudioVersion = 17.8.34309.116
MinimumVisualStudioVersion = 10.0.40219.1
Project("{FAE04EC0-301F-11D3-BF4B-00C04F79EFBC}") = "DemoBuoi03", "DemoBuoi03\DemoBuoi03.csproj", "{D6341754-2D04-4DCE-BF78-8C740A49E2BA}"
EndProject
Global
	GlobalSection(SolutionConfigurationPlatforms) = preSolution
		Debug|Any CPU = Debug|Any CPU
		Release|Any CPU = Release|Any CPU
	EndGlobalSection
	GlobalSection(ProjectConfigurationPlatforms) = postSolution
		{D6341754-2D04-4DCE-BF78-8C740A49E2BA}.Debug|Any CPU.ActiveCfg = Debug|Any CPU
		{D6341754-2D04-4DCE-BF78-8C740A49E2BA}.Debug|Any CPU.Build.0 = Debug|Any CPU
		{D6341754-2D04-4DCE-BF78-8C740A49E2BA}.Release|Any CPU.ActiveCfg = Release|Any CPU
		{D6341754-2D04-4DCE-BF78-8C740A49E2BA}.Release|Any CPU.Build.0 = Release|Any CPU
	EndGlobalSection
	GlobalSection(SolutionProperties) = preSolution
		HideSolutionNode = FALSE
	EndGlobalSection
	GlobalSection(ExtensibilityGlobals) = postSolution
		SolutionGuid = {D6FAB815-0B2C-4A7A-8942-2E369AC26DE8}
	EndGlobalSection
EndGlobal
