
Microsoft Visual Studio Solution File, Format Version 12.00
# Visual Studio Version 17
VisualStudioVersion = 17.8.34309.116
MinimumVisualStudioVersion = 10.0.40219.1
Project("{FAE04EC0-301F-11D3-BF4B-00C04F79EFBC}") = "LAB08", "LAB08\LAB08.csproj", "{EDBFE6ED-B35E-4297-B59D-2CB3E3B6C33A}"
EndProject
Global
	GlobalSection(SolutionConfigurationPlatforms) = preSolution
		Debug|Any CPU = Debug|Any CPU
		Release|Any CPU = Release|Any CPU
	EndGlobalSection
	GlobalSection(ProjectConfigurationPlatforms) = postSolution
		{EDBFE6ED-B35E-4297-B59D-2CB3E3B6C33A}.Debug|Any CPU.ActiveCfg = Debug|Any CPU
		{EDBFE6ED-B35E-4297-B59D-2CB3E3B6C33A}.Debug|Any CPU.Build.0 = Debug|Any CPU
		{EDBFE6ED-B35E-4297-B59D-2CB3E3B6C33A}.Release|Any CPU.ActiveCfg = Release|Any CPU
		{EDBFE6ED-B35E-4297-B59D-2CB3E3B6C33A}.Release|Any CPU.Build.0 = Release|Any CPU
	EndGlobalSection
	GlobalSection(SolutionProperties) = preSolution
		HideSolutionNode = FALSE
	EndGlobalSection
	GlobalSection(ExtensibilityGlobals) = postSolution
		SolutionGuid = {2B0612A0-F4C2-4B1C-83B4-F6AC0D8A35B8}
	EndGlobalSection
EndGlobal
